
Microsoft Visual Studio Solution File, Format Version 12.00
# Visual Studio Version 17
VisualStudioVersion = 17.4.33213.308
MinimumVisualStudioVersion = 10.0.40219.1
Project("{8BC9CEB8-8B4A-11D0-8D11-00A0C91BC942}") = "PruebaVS", "PruebaVS.vcxproj", "{5DE59C72-A2FB-4951-8A61-0CDDDFD481AC}"
EndProject
Global
	GlobalSection(SolutionConfigurationPlatforms) = preSolution
		Debug|x64 = Debug|x64
		Debug|x86 = Debug|x86
		Release|x64 = Release|x64
		Release|x86 = Release|x86
	EndGlobalSection
	GlobalSection(ProjectConfigurationPlatforms) = postSolution
		{5DE59C72-A2FB-4951-8A61-0CDDDFD481AC}.Debug|x64.ActiveCfg = Debug|x64
		{5DE59C72-A2FB-4951-8A61-0CDDDFD481AC}.Debug|x64.Build.0 = Debug|x64
		{5DE59C72-A2FB-4951-8A61-0CDDDFD481AC}.Debug|x86.ActiveCfg = Debug|Win32
		{5DE59C72-A2FB-4951-8A61-0CDDDFD481AC}.Debug|x86.Build.0 = Debug|Win32
		{5DE59C72-A2FB-4951-8A61-0CDDDFD481AC}.Release|x64.ActiveCfg = Release|x64
		{5DE59C72-A2FB-4951-8A61-0CDDDFD481AC}.Release|x64.Build.0 = Release|x64
		{5DE59C72-A2FB-4951-8A61-0CDDDFD481AC}.Release|x86.ActiveCfg = Release|Win32
		{5DE59C72-A2FB-4951-8A61-0CDDDFD481AC}.Release|x86.Build.0 = Release|Win32
	EndGlobalSection
	GlobalSection(SolutionProperties) = preSolution
		HideSolutionNode = FALSE
	EndGlobalSection
	GlobalSection(ExtensibilityGlobals) = postSolution
		SolutionGuid = {86E82EC6-560D-4845-AC99-9D86704AF811}
	EndGlobalSection
EndGlobal
